
Microsoft Visual Studio Solution File, Format Version 12.00
# Visual Studio 14
VisualStudioVersion = 14.0.25420.1
MinimumVisualStudioVersion = 10.0.40219.1
Project("{FAE04EC0-301F-11D3-BF4B-00C04F79EFBC}") = "HomeWork", "HomeWork\HomeWork.csproj", "{EF92CE30-0FF4-46D8-AF34-68A29F551014}"
EndProject
Project("{FAE04EC0-301F-11D3-BF4B-00C04F79EFBC}") = "HomeWork2", "HomeWork2\HomeWork2.csproj", "{1CEDF209-ED96-468C-BC8D-D2E420189001}"
EndProject
Project("{FAE04EC0-301F-11D3-BF4B-00C04F79EFBC}") = "HomeWork3", "HomeWork3\HomeWork3.csproj", "{02E6D8F4-4F06-4BE7-9028-7DCBEA75C7D4}"
EndProject
Project("{FAE04EC0-301F-11D3-BF4B-00C04F79EFBC}") = "CatInLabirinth", "CatInLabirinth\CatInLabirinth.csproj", "{CCE8F1E8-9DFE-444A-9E5E-54F4CED21315}"
EndProject
Global
	GlobalSection(SolutionConfigurationPlatforms) = preSolution
		Debug|Any CPU = Debug|Any CPU
		Release|Any CPU = Release|Any CPU
	EndGlobalSection
	GlobalSection(ProjectConfigurationPlatforms) = postSolution
		{EF92CE30-0FF4-46D8-AF34-68A29F551014}.Debug|Any CPU.ActiveCfg = Debug|Any CPU
		{EF92CE30-0FF4-46D8-AF34-68A29F551014}.Debug|Any CPU.Build.0 = Debug|Any CPU
		{EF92CE30-0FF4-46D8-AF34-68A29F551014}.Release|Any CPU.ActiveCfg = Release|Any CPU
		{EF92CE30-0FF4-46D8-AF34-68A29F551014}.Release|Any CPU.Build.0 = Release|Any CPU
		{1CEDF209-ED96-468C-BC8D-D2E420189001}.Debug|Any CPU.ActiveCfg = Debug|Any CPU
		{1CEDF209-ED96-468C-BC8D-D2E420189001}.Debug|Any CPU.Build.0 = Debug|Any CPU
		{1CEDF209-ED96-468C-BC8D-D2E420189001}.Release|Any CPU.ActiveCfg = Release|Any CPU
		{1CEDF209-ED96-468C-BC8D-D2E420189001}.Release|Any CPU.Build.0 = Release|Any CPU
		{02E6D8F4-4F06-4BE7-9028-7DCBEA75C7D4}.Debug|Any CPU.ActiveCfg = Debug|Any CPU
		{02E6D8F4-4F06-4BE7-9028-7DCBEA75C7D4}.Debug|Any CPU.Build.0 = Debug|Any CPU
		{02E6D8F4-4F06-4BE7-9028-7DCBEA75C7D4}.Release|Any CPU.ActiveCfg = Release|Any CPU
		{02E6D8F4-4F06-4BE7-9028-7DCBEA75C7D4}.Release|Any CPU.Build.0 = Release|Any CPU
		{CCE8F1E8-9DFE-444A-9E5E-54F4CED21315}.Debug|Any CPU.ActiveCfg = Debug|Any CPU
		{CCE8F1E8-9DFE-444A-9E5E-54F4CED21315}.Debug|Any CPU.Build.0 = Debug|Any CPU
		{CCE8F1E8-9DFE-444A-9E5E-54F4CED21315}.Release|Any CPU.ActiveCfg = Release|Any CPU
		{CCE8F1E8-9DFE-444A-9E5E-54F4CED21315}.Release|Any CPU.Build.0 = Release|Any CPU
	EndGlobalSection
	GlobalSection(SolutionProperties) = preSolution
		HideSolutionNode = FALSE
	EndGlobalSection
EndGlobal
